
Microsoft Visual Studio Solution File, Format Version 12.00
# Visual Studio Version 16
VisualStudioVersion = 16.0.32901.82
MinimumVisualStudioVersion = 10.0.40219.1
Project("{FAE04EC0-301F-11D3-BF4B-00C04F79EFBC}") = "Задание 2", "Задание 2.csproj", "{FA6F9ADF-8820-4EC4-ACC5-1574218DA3C8}"
EndProject
Global
	GlobalSection(SolutionConfigurationPlatforms) = preSolution
		Debug|Any CPU = Debug|Any CPU
		Release|Any CPU = Release|Any CPU
	EndGlobalSection
	GlobalSection(ProjectConfigurationPlatforms) = postSolution
		{FA6F9ADF-8820-4EC4-ACC5-1574218DA3C8}.Debug|Any CPU.ActiveCfg = Debug|Any CPU
		{FA6F9ADF-8820-4EC4-ACC5-1574218DA3C8}.Debug|Any CPU.Build.0 = Debug|Any CPU
		{FA6F9ADF-8820-4EC4-ACC5-1574218DA3C8}.Release|Any CPU.ActiveCfg = Release|Any CPU
		{FA6F9ADF-8820-4EC4-ACC5-1574218DA3C8}.Release|Any CPU.Build.0 = Release|Any CPU
	EndGlobalSection
	GlobalSection(SolutionProperties) = preSolution
		HideSolutionNode = FALSE
	EndGlobalSection
	GlobalSection(ExtensibilityGlobals) = postSolution
		SolutionGuid = {D5CB69D3-8AEB-4D56-86DD-1CE856B712E2}
	EndGlobalSection
EndGlobal
